{
  "name": "universal-peer-mcp",
  "version": "0.1.0",
  "lockfileVersion": 3,
  "requires": true,
  "packages": {
    "": {
      "name": "universal-peer-mcp",
      "version": "0.1.0",
      "cpu": [
        "arm64"
      ],
      "license": "Apache-2.0",
      "os": [
        "darwin"
      ],
      "bin": {
        "universal-peer-mcp": "src/cli.mjs"
      },
      "engines": {
        "bun": ">=1.3.0"
      }
    }
  }
}
